
Microsoft Visual Studio Solution File, Format Version 12.00
# Visual Studio 15
VisualStudioVersion = 15.0.27130.2027
MinimumVisualStudioVersion = 10.0.40219.1
Project("{FAE04EC0-301F-11D3-BF4B-00C04F79EFBC}") = "nilnul._dev_._LIB_", "nilnul._dev_._LIB_.csproj", "{94988FFF-EBE6-4EA9-B9AC-AFC9DF1D4B91}"
EndProject
Global
	GlobalSection(SolutionConfigurationPlatforms) = preSolution
		Debug|Any CPU = Debug|Any CPU
		Release|Any CPU = Release|Any CPU
	EndGlobalSection
	GlobalSection(ProjectConfigurationPlatforms) = postSolution
		{94988FFF-EBE6-4EA9-B9AC-AFC9DF1D4B91}.Debug|Any CPU.ActiveCfg = Debug|Any CPU
		{94988FFF-EBE6-4EA9-B9AC-AFC9DF1D4B91}.Debug|Any CPU.Build.0 = Debug|Any CPU
		{94988FFF-EBE6-4EA9-B9AC-AFC9DF1D4B91}.Release|Any CPU.ActiveCfg = Release|Any CPU
		{94988FFF-EBE6-4EA9-B9AC-AFC9DF1D4B91}.Release|Any CPU.Build.0 = Release|Any CPU
	EndGlobalSection
	GlobalSection(SolutionProperties) = preSolution
		HideSolutionNode = FALSE
	EndGlobalSection
	GlobalSection(ExtensibilityGlobals) = postSolution
		SolutionGuid = {FDDBBECE-66B9-4E50-A2FA-D4B2165A7EB3}
	EndGlobalSection
EndGlobal
